
Microsoft Visual Studio Solution File, Format Version 12.00
# Visual Studio Version 17
VisualStudioVersion = 17.8.34330.188
MinimumVisualStudioVersion = 10.0.40219.1
Project("{9A19103F-16F7-4668-BE54-9A1E7A4F7556}") = "SiteConstructor", "SIteConstructor\SiteConstructor.csproj", "{B8E7BD48-A0EB-4B54-8F73-F22C651D9D79}"
EndProject
Global
	GlobalSection(SolutionConfigurationPlatforms) = preSolution
		Debug|Any CPU = Debug|Any CPU
		Release|Any CPU = Release|Any CPU
	EndGlobalSection
	GlobalSection(ProjectConfigurationPlatforms) = postSolution
		{B8E7BD48-A0EB-4B54-8F73-F22C651D9D79}.Debug|Any CPU.ActiveCfg = Debug|Any CPU
		{B8E7BD48-A0EB-4B54-8F73-F22C651D9D79}.Debug|Any CPU.Build.0 = Debug|Any CPU
		{B8E7BD48-A0EB-4B54-8F73-F22C651D9D79}.Release|Any CPU.ActiveCfg = Release|Any CPU
		{B8E7BD48-A0EB-4B54-8F73-F22C651D9D79}.Release|Any CPU.Build.0 = Release|Any CPU
	EndGlobalSection
	GlobalSection(SolutionProperties) = preSolution
		HideSolutionNode = FALSE
	EndGlobalSection
	GlobalSection(ExtensibilityGlobals) = postSolution
		SolutionGuid = {550CDC46-6D7D-4229-B1D0-935F8D0A6F3F}
	EndGlobalSection
EndGlobal
