
Microsoft Visual Studio Solution File, Format Version 12.00
# Visual Studio Version 17
VisualStudioVersion = 17.8.34330.188
MinimumVisualStudioVersion = 10.0.40219.1
Project("{9A19103F-16F7-4668-BE54-9A1E7A4F7556}") = "Application", "Application.csproj", "{F154AB36-881E-40BF-BFDE-13996DF20059}"
EndProject
Project("{9A19103F-16F7-4668-BE54-9A1E7A4F7556}") = "Domain", "..\..\Domain\Domain.csproj", "{849D178B-B4E7-4359-82D6-B7F4F0625C44}"
EndProject
Project("{9A19103F-16F7-4668-BE54-9A1E7A4F7556}") = "Infrastructure", "..\..\Infrastructure\Infrastructure.csproj", "{450D32A9-38C1-4BBA-A617-761397FD17B5}"
EndProject
Global
	GlobalSection(SolutionConfigurationPlatforms) = preSolution
		Debug|Any CPU = Debug|Any CPU
		Release|Any CPU = Release|Any CPU
	EndGlobalSection
	GlobalSection(ProjectConfigurationPlatforms) = postSolution
		{F154AB36-881E-40BF-BFDE-13996DF20059}.Debug|Any CPU.ActiveCfg = Debug|Any CPU
		{F154AB36-881E-40BF-BFDE-13996DF20059}.Debug|Any CPU.Build.0 = Debug|Any CPU
		{F154AB36-881E-40BF-BFDE-13996DF20059}.Release|Any CPU.ActiveCfg = Release|Any CPU
		{F154AB36-881E-40BF-BFDE-13996DF20059}.Release|Any CPU.Build.0 = Release|Any CPU
		{849D178B-B4E7-4359-82D6-B7F4F0625C44}.Debug|Any CPU.ActiveCfg = Debug|Any CPU
		{849D178B-B4E7-4359-82D6-B7F4F0625C44}.Debug|Any CPU.Build.0 = Debug|Any CPU
		{849D178B-B4E7-4359-82D6-B7F4F0625C44}.Release|Any CPU.ActiveCfg = Release|Any CPU
		{849D178B-B4E7-4359-82D6-B7F4F0625C44}.Release|Any CPU.Build.0 = Release|Any CPU
		{450D32A9-38C1-4BBA-A617-761397FD17B5}.Debug|Any CPU.ActiveCfg = Debug|Any CPU
		{450D32A9-38C1-4BBA-A617-761397FD17B5}.Debug|Any CPU.Build.0 = Debug|Any CPU
		{450D32A9-38C1-4BBA-A617-761397FD17B5}.Release|Any CPU.ActiveCfg = Release|Any CPU
		{450D32A9-38C1-4BBA-A617-761397FD17B5}.Release|Any CPU.Build.0 = Release|Any CPU
	EndGlobalSection
	GlobalSection(SolutionProperties) = preSolution
		HideSolutionNode = FALSE
	EndGlobalSection
	GlobalSection(ExtensibilityGlobals) = postSolution
		SolutionGuid = {40879B2D-9B3B-4FA0-B982-2B7223E08549}
	EndGlobalSection
EndGlobal
